
Microsoft Visual Studio Solution File, Format Version 12.00
# Visual Studio Version 16
VisualStudioVersion = 16.0.31424.327
MinimumVisualStudioVersion = 10.0.40219.1
Project("{FAE04EC0-301F-11D3-BF4B-00C04F79EFBC}") = "buton_alergaret", "buton_alergaret\buton_alergaret.csproj", "{BCEBE89A-41DA-423E-A92E-82B0B1C251A3}"
EndProject
Global
	GlobalSection(SolutionConfigurationPlatforms) = preSolution
		Debug|Any CPU = Debug|Any CPU
		Release|Any CPU = Release|Any CPU
	EndGlobalSection
	GlobalSection(ProjectConfigurationPlatforms) = postSolution
		{BCEBE89A-41DA-423E-A92E-82B0B1C251A3}.Debug|Any CPU.ActiveCfg = Debug|Any CPU
		{BCEBE89A-41DA-423E-A92E-82B0B1C251A3}.Debug|Any CPU.Build.0 = Debug|Any CPU
		{BCEBE89A-41DA-423E-A92E-82B0B1C251A3}.Release|Any CPU.ActiveCfg = Release|Any CPU
		{BCEBE89A-41DA-423E-A92E-82B0B1C251A3}.Release|Any CPU.Build.0 = Release|Any CPU
	EndGlobalSection
	GlobalSection(SolutionProperties) = preSolution
		HideSolutionNode = FALSE
	EndGlobalSection
	GlobalSection(ExtensibilityGlobals) = postSolution
		SolutionGuid = {C3376CA3-4D1F-43D1-B41D-074F8780B235}
	EndGlobalSection
EndGlobal
